
Microsoft Visual Studio Solution File, Format Version 12.00
# Visual Studio 16
Project("{FAE04EC0-301F-11D3-BF4B-00C04F79EFBC}") = "SteamVR", "SteamVR.csproj", "{5BC02943-0965-4D02-B7E3-DA6AB6F3CD3C}"
EndProject
Project("{FAE04EC0-301F-11D3-BF4B-00C04F79EFBC}") = "SteamVR_Actions", "SteamVR_Actions.csproj", "{A325F74C-3787-A6A7-0215-64502164C9DA}"
EndProject
Project("{FAE04EC0-301F-11D3-BF4B-00C04F79EFBC}") = "Assembly-CSharp-firstpass", "Assembly-CSharp-firstpass.csproj", "{0AB5B224-A5C0-9C55-0B99-5D0F3960A08A}"
EndProject
Project("{FAE04EC0-301F-11D3-BF4B-00C04F79EFBC}") = "SteamVR_Input_Editor", "SteamVR_Input_Editor.csproj", "{C8ED58AB-5EA2-C87B-B198-4D64A7F895FF}"
EndProject
Project("{FAE04EC0-301F-11D3-BF4B-00C04F79EFBC}") = "SteamVR_Editor", "SteamVR_Editor.csproj", "{0E0BBAF1-1FDC-A0CF-FB44-B1C1B71D1684}"
EndProject
Project("{FAE04EC0-301F-11D3-BF4B-00C04F79EFBC}") = "SteamVR_Windows_EditorHelper", "SteamVR_Windows_EditorHelper.csproj", "{48625383-8849-5309-B389-F0828487B91D}"
EndProject
Project("{FAE04EC0-301F-11D3-BF4B-00C04F79EFBC}") = "Assembly-CSharp-Editor-firstpass", "Assembly-CSharp-Editor-firstpass.csproj", "{FC6637E2-7FF9-4BDD-35D0-9B877734BE8C}"
EndProject
Global
	GlobalSection(SolutionConfigurationPlatforms) = preSolution
		Debug|Any CPU = Debug|Any CPU
		Release|Any CPU = Release|Any CPU
	EndGlobalSection
	GlobalSection(ProjectConfigurationPlatforms) = postSolution
		{5BC02943-0965-4D02-B7E3-DA6AB6F3CD3C}.Debug|Any CPU.ActiveCfg = Debug|Any CPU
		{5BC02943-0965-4D02-B7E3-DA6AB6F3CD3C}.Debug|Any CPU.Build.0 = Debug|Any CPU
		{5BC02943-0965-4D02-B7E3-DA6AB6F3CD3C}.Release|Any CPU.ActiveCfg = Release|Any CPU
		{5BC02943-0965-4D02-B7E3-DA6AB6F3CD3C}.Release|Any CPU.Build.0 = Release|Any CPU
		{A325F74C-3787-A6A7-0215-64502164C9DA}.Debug|Any CPU.ActiveCfg = Debug|Any CPU
		{A325F74C-3787-A6A7-0215-64502164C9DA}.Debug|Any CPU.Build.0 = Debug|Any CPU
		{A325F74C-3787-A6A7-0215-64502164C9DA}.Release|Any CPU.ActiveCfg = Release|Any CPU
		{A325F74C-3787-A6A7-0215-64502164C9DA}.Release|Any CPU.Build.0 = Release|Any CPU
		{0AB5B224-A5C0-9C55-0B99-5D0F3960A08A}.Debug|Any CPU.ActiveCfg = Debug|Any CPU
		{0AB5B224-A5C0-9C55-0B99-5D0F3960A08A}.Debug|Any CPU.Build.0 = Debug|Any CPU
		{0AB5B224-A5C0-9C55-0B99-5D0F3960A08A}.Release|Any CPU.ActiveCfg = Release|Any CPU
		{0AB5B224-A5C0-9C55-0B99-5D0F3960A08A}.Release|Any CPU.Build.0 = Release|Any CPU
		{C8ED58AB-5EA2-C87B-B198-4D64A7F895FF}.Debug|Any CPU.ActiveCfg = Debug|Any CPU
		{C8ED58AB-5EA2-C87B-B198-4D64A7F895FF}.Debug|Any CPU.Build.0 = Debug|Any CPU
		{C8ED58AB-5EA2-C87B-B198-4D64A7F895FF}.Release|Any CPU.ActiveCfg = Release|Any CPU
		{C8ED58AB-5EA2-C87B-B198-4D64A7F895FF}.Release|Any CPU.Build.0 = Release|Any CPU
		{0E0BBAF1-1FDC-A0CF-FB44-B1C1B71D1684}.Debug|Any CPU.ActiveCfg = Debug|Any CPU
		{0E0BBAF1-1FDC-A0CF-FB44-B1C1B71D1684}.Debug|Any CPU.Build.0 = Debug|Any CPU
		{0E0BBAF1-1FDC-A0CF-FB44-B1C1B71D1684}.Release|Any CPU.ActiveCfg = Release|Any CPU
		{0E0BBAF1-1FDC-A0CF-FB44-B1C1B71D1684}.Release|Any CPU.Build.0 = Release|Any CPU
		{48625383-8849-5309-B389-F0828487B91D}.Debug|Any CPU.ActiveCfg = Debug|Any CPU
		{48625383-8849-5309-B389-F0828487B91D}.Debug|Any CPU.Build.0 = Debug|Any CPU
		{48625383-8849-5309-B389-F0828487B91D}.Release|Any CPU.ActiveCfg = Release|Any CPU
		{48625383-8849-5309-B389-F0828487B91D}.Release|Any CPU.Build.0 = Release|Any CPU
		{FC6637E2-7FF9-4BDD-35D0-9B877734BE8C}.Debug|Any CPU.ActiveCfg = Debug|Any CPU
		{FC6637E2-7FF9-4BDD-35D0-9B877734BE8C}.Debug|Any CPU.Build.0 = Debug|Any CPU
		{FC6637E2-7FF9-4BDD-35D0-9B877734BE8C}.Release|Any CPU.ActiveCfg = Release|Any CPU
		{FC6637E2-7FF9-4BDD-35D0-9B877734BE8C}.Release|Any CPU.Build.0 = Release|Any CPU
	EndGlobalSection
	GlobalSection(SolutionProperties) = preSolution
		HideSolutionNode = FALSE
	EndGlobalSection
EndGlobal
